
Microsoft Visual Studio Solution File, Format Version 12.00
# Visual Studio 2013
VisualStudioVersion = 12.0.21005.1
MinimumVisualStudioVersion = 10.0.40219.1
Project("{E24C65DC-7377-472B-9ABA-BC803B73C61A}") = "Motazbish(1)", "http://localhost:1228", "{2EA152B0-4CBB-4232-A129-879F121B9831}"
	ProjectSection(WebsiteProperties) = preProject
		UseIISExpress = "true"
		TargetFrameworkMoniker = ".NETFramework,Version%3Dv3.5"
		Debug.AspNetCompiler.VirtualPath = "/localhost_1228"
		Debug.AspNetCompiler.PhysicalPath = "F:\proect\Motazbish\"
		Debug.AspNetCompiler.TargetPath = "PrecompiledWeb\localhost_1228\"
		Debug.AspNetCompiler.Updateable = "true"
		Debug.AspNetCompiler.ForceOverwrite = "true"
		Debug.AspNetCompiler.FixedNames = "false"
		Debug.AspNetCompiler.Debug = "True"
		Release.AspNetCompiler.VirtualPath = "/localhost_1228"
		Release.AspNetCompiler.PhysicalPath = "F:\proect\Motazbish\"
		Release.AspNetCompiler.TargetPath = "PrecompiledWeb\localhost_1228\"
		Release.AspNetCompiler.Updateable = "true"
		Release.AspNetCompiler.ForceOverwrite = "true"
		Release.AspNetCompiler.FixedNames = "false"
		Release.AspNetCompiler.Debug = "False"
		SlnRelativePath = "F:\proect\Motazbish\"
	EndProjectSection
EndProject
Global
	GlobalSection(SolutionConfigurationPlatforms) = preSolution
		Debug|Any CPU = Debug|Any CPU
	EndGlobalSection
	GlobalSection(ProjectConfigurationPlatforms) = postSolution
		{2EA152B0-4CBB-4232-A129-879F121B9831}.Debug|Any CPU.ActiveCfg = Debug|Any CPU
		{2EA152B0-4CBB-4232-A129-879F121B9831}.Debug|Any CPU.Build.0 = Debug|Any CPU
	EndGlobalSection
	GlobalSection(SolutionProperties) = preSolution
		HideSolutionNode = FALSE
	EndGlobalSection
EndGlobal
